
Microsoft Visual Studio Solution File, Format Version 12.00
# Visual Studio Version 17
VisualStudioVersion = 17.4.33403.182
MinimumVisualStudioVersion = 10.0.40219.1
Project("{2150E333-8FDC-42A3-9474-1A3956D46DE8}") = "Presentation", "Presentation", "{1923EF0C-8446-4E62-97EA-127D6F2C8946}"
EndProject
Project("{9A19103F-16F7-4668-BE54-9A1E7A4F7556}") = "BE.Presentation.API", "BE.Presentation.API\BE.Presentation.API.csproj", "{C015A071-1474-4D70-9CB5-F8B4A95845CB}"
EndProject
Project("{2150E333-8FDC-42A3-9474-1A3956D46DE8}") = "Model", "Model", "{751A3671-7FFF-4BB0-842A-E9B6257FA8EC}"
EndProject
Project("{2150E333-8FDC-42A3-9474-1A3956D46DE8}") = "Core", "Core", "{CC959A96-1F90-4472-B9C2-3D38E6978EB2}"
EndProject
Project("{2150E333-8FDC-42A3-9474-1A3956D46DE8}") = "Entities", "Entities", "{FC226744-4C0F-48E5-9DE8-6AD400578F77}"
EndProject
Project("{2150E333-8FDC-42A3-9474-1A3956D46DE8}") = "Infrastructure", "Infrastructure", "{B181AE78-5418-4DC5-89F6-B1AA62578799}"
EndProject
Project("{9A19103F-16F7-4668-BE54-9A1E7A4F7556}") = "BE.Model.Entities", "BE.Model.Entities\BE.Model.Entities.csproj", "{B7E2B9E4-8256-40E3-9643-F91C5EB0E287}"
EndProject
Project("{2150E333-8FDC-42A3-9474-1A3956D46DE8}") = "Solution Items", "Solution Items", "{76441BF0-84B1-4C8C-8816-CC98E58E80F0}"
	ProjectSection(SolutionItems) = preProject
		.editorconfig = .editorconfig
		Readme.md = Readme.md
	EndProjectSection
EndProject
Project("{2150E333-8FDC-42A3-9474-1A3956D46DE8}") = "Utility", "Utility", "{F432F1B8-774E-4552-B68F-760DAC14BF3B}"
EndProject
Project("{9A19103F-16F7-4668-BE54-9A1E7A4F7556}") = "BE.Utilities", "BE.Utilities\BE.Utilities.csproj", "{94E6673C-52A6-4D9C-BDEC-3D71FE86CB87}"
EndProject
Project("{9A19103F-16F7-4668-BE54-9A1E7A4F7556}") = "BE.Infrastructure.DataContext", "BE.Infrastructure.DataContext\BE.Infrastructure.DataContext.csproj", "{8391EA52-DF1D-440C-926B-EC6ED871019A}"
EndProject
Project("{2150E333-8FDC-42A3-9474-1A3956D46DE8}") = "Repository", "Repository", "{8CCC1B98-3D5D-40D1-9A0C-9D773F7BF95D}"
EndProject
Project("{9A19103F-16F7-4668-BE54-9A1E7A4F7556}") = "BE.Repository", "BE.Repository\BE.Repository.csproj", "{B3D77184-8956-4DDD-941F-7541CF4F902A}"
EndProject
Project("{2150E333-8FDC-42A3-9474-1A3956D46DE8}") = "UnitOfWork", "UnitOfWork", "{A28BB1F4-AFD9-43A7-B90D-0E936F3DBCA7}"
EndProject
Project("{9A19103F-16F7-4668-BE54-9A1E7A4F7556}") = "BE.UnitOfWork", "BE.UnitOfWork\BE.UnitOfWork.csproj", "{89CC8797-E573-451B-97A4-F3341EA01173}"
EndProject
Project("{2150E333-8FDC-42A3-9474-1A3956D46DE8}") = "Authentication", "Authentication", "{4BD58B38-ABF0-4749-855B-2315459A10B8}"
EndProject
Project("{9A19103F-16F7-4668-BE54-9A1E7A4F7556}") = "BE.Authentication", "BE.Authentication\BE.Authentication.csproj", "{EF89074D-47C1-41A2-8E63-0D63673AF3F3}"
EndProject
Project("{9A19103F-16F7-4668-BE54-9A1E7A4F7556}") = "BE.Core", "BE.Core\BE.Core.csproj", "{8C403544-99D7-4934-8DB7-C25A6236F9DA}"
EndProject
Project("{2150E333-8FDC-42A3-9474-1A3956D46DE8}") = "DTOs", "DTOs", "{DDA7A80C-D876-4891-8F63-A3A942D31AC9}"
EndProject
Project("{9A19103F-16F7-4668-BE54-9A1E7A4F7556}") = "BE.DTOs", "BE.DTOs\BE.DTOs.csproj", "{228E438D-7603-40DC-BB83-445D18F3DFBE}"
EndProject
Project("{2150E333-8FDC-42A3-9474-1A3956D46DE8}") = "Enum", "Enum", "{C1203CD5-0418-482B-A316-12C5BCEF5343}"
EndProject
Project("{FAE04EC0-301F-11D3-BF4B-00C04F79EFBC}") = "BE.Enums", "BE.Enums\BE.Enums.csproj", "{9F37077A-DB79-409A-8987-DBEF738B6159}"
EndProject
Global
	GlobalSection(SolutionConfigurationPlatforms) = preSolution
		Debug|Any CPU = Debug|Any CPU
		Release|Any CPU = Release|Any CPU
	EndGlobalSection
	GlobalSection(ProjectConfigurationPlatforms) = postSolution
		{C015A071-1474-4D70-9CB5-F8B4A95845CB}.Debug|Any CPU.ActiveCfg = Debug|Any CPU
		{C015A071-1474-4D70-9CB5-F8B4A95845CB}.Debug|Any CPU.Build.0 = Debug|Any CPU
		{C015A071-1474-4D70-9CB5-F8B4A95845CB}.Release|Any CPU.ActiveCfg = Release|Any CPU
		{C015A071-1474-4D70-9CB5-F8B4A95845CB}.Release|Any CPU.Build.0 = Release|Any CPU
		{B7E2B9E4-8256-40E3-9643-F91C5EB0E287}.Debug|Any CPU.ActiveCfg = Debug|Any CPU
		{B7E2B9E4-8256-40E3-9643-F91C5EB0E287}.Debug|Any CPU.Build.0 = Debug|Any CPU
		{B7E2B9E4-8256-40E3-9643-F91C5EB0E287}.Release|Any CPU.ActiveCfg = Release|Any CPU
		{B7E2B9E4-8256-40E3-9643-F91C5EB0E287}.Release|Any CPU.Build.0 = Release|Any CPU
		{94E6673C-52A6-4D9C-BDEC-3D71FE86CB87}.Debug|Any CPU.ActiveCfg = Debug|Any CPU
		{94E6673C-52A6-4D9C-BDEC-3D71FE86CB87}.Debug|Any CPU.Build.0 = Debug|Any CPU
		{94E6673C-52A6-4D9C-BDEC-3D71FE86CB87}.Release|Any CPU.ActiveCfg = Release|Any CPU
		{94E6673C-52A6-4D9C-BDEC-3D71FE86CB87}.Release|Any CPU.Build.0 = Release|Any CPU
		{8391EA52-DF1D-440C-926B-EC6ED871019A}.Debug|Any CPU.ActiveCfg = Debug|Any CPU
		{8391EA52-DF1D-440C-926B-EC6ED871019A}.Debug|Any CPU.Build.0 = Debug|Any CPU
		{8391EA52-DF1D-440C-926B-EC6ED871019A}.Release|Any CPU.ActiveCfg = Release|Any CPU
		{8391EA52-DF1D-440C-926B-EC6ED871019A}.Release|Any CPU.Build.0 = Release|Any CPU
		{B3D77184-8956-4DDD-941F-7541CF4F902A}.Debug|Any CPU.ActiveCfg = Debug|Any CPU
		{B3D77184-8956-4DDD-941F-7541CF4F902A}.Debug|Any CPU.Build.0 = Debug|Any CPU
		{B3D77184-8956-4DDD-941F-7541CF4F902A}.Release|Any CPU.ActiveCfg = Release|Any CPU
		{B3D77184-8956-4DDD-941F-7541CF4F902A}.Release|Any CPU.Build.0 = Release|Any CPU
		{89CC8797-E573-451B-97A4-F3341EA01173}.Debug|Any CPU.ActiveCfg = Debug|Any CPU
		{89CC8797-E573-451B-97A4-F3341EA01173}.Debug|Any CPU.Build.0 = Debug|Any CPU
		{89CC8797-E573-451B-97A4-F3341EA01173}.Release|Any CPU.ActiveCfg = Release|Any CPU
		{89CC8797-E573-451B-97A4-F3341EA01173}.Release|Any CPU.Build.0 = Release|Any CPU
		{EF89074D-47C1-41A2-8E63-0D63673AF3F3}.Debug|Any CPU.ActiveCfg = Debug|Any CPU
		{EF89074D-47C1-41A2-8E63-0D63673AF3F3}.Debug|Any CPU.Build.0 = Debug|Any CPU
		{EF89074D-47C1-41A2-8E63-0D63673AF3F3}.Release|Any CPU.ActiveCfg = Release|Any CPU
		{EF89074D-47C1-41A2-8E63-0D63673AF3F3}.Release|Any CPU.Build.0 = Release|Any CPU
		{8C403544-99D7-4934-8DB7-C25A6236F9DA}.Debug|Any CPU.ActiveCfg = Debug|Any CPU
		{8C403544-99D7-4934-8DB7-C25A6236F9DA}.Debug|Any CPU.Build.0 = Debug|Any CPU
		{8C403544-99D7-4934-8DB7-C25A6236F9DA}.Release|Any CPU.ActiveCfg = Release|Any CPU
		{8C403544-99D7-4934-8DB7-C25A6236F9DA}.Release|Any CPU.Build.0 = Release|Any CPU
		{228E438D-7603-40DC-BB83-445D18F3DFBE}.Debug|Any CPU.ActiveCfg = Debug|Any CPU
		{228E438D-7603-40DC-BB83-445D18F3DFBE}.Debug|Any CPU.Build.0 = Debug|Any CPU
		{228E438D-7603-40DC-BB83-445D18F3DFBE}.Release|Any CPU.ActiveCfg = Release|Any CPU
		{228E438D-7603-40DC-BB83-445D18F3DFBE}.Release|Any CPU.Build.0 = Release|Any CPU
		{9F37077A-DB79-409A-8987-DBEF738B6159}.Debug|Any CPU.ActiveCfg = Debug|Any CPU
		{9F37077A-DB79-409A-8987-DBEF738B6159}.Debug|Any CPU.Build.0 = Debug|Any CPU
		{9F37077A-DB79-409A-8987-DBEF738B6159}.Release|Any CPU.ActiveCfg = Release|Any CPU
		{9F37077A-DB79-409A-8987-DBEF738B6159}.Release|Any CPU.Build.0 = Release|Any CPU
	EndGlobalSection
	GlobalSection(SolutionProperties) = preSolution
		HideSolutionNode = FALSE
	EndGlobalSection
	GlobalSection(NestedProjects) = preSolution
		{C015A071-1474-4D70-9CB5-F8B4A95845CB} = {1923EF0C-8446-4E62-97EA-127D6F2C8946}
		{FC226744-4C0F-48E5-9DE8-6AD400578F77} = {751A3671-7FFF-4BB0-842A-E9B6257FA8EC}
		{B7E2B9E4-8256-40E3-9643-F91C5EB0E287} = {FC226744-4C0F-48E5-9DE8-6AD400578F77}
		{94E6673C-52A6-4D9C-BDEC-3D71FE86CB87} = {F432F1B8-774E-4552-B68F-760DAC14BF3B}
		{8391EA52-DF1D-440C-926B-EC6ED871019A} = {B181AE78-5418-4DC5-89F6-B1AA62578799}
		{B3D77184-8956-4DDD-941F-7541CF4F902A} = {8CCC1B98-3D5D-40D1-9A0C-9D773F7BF95D}
		{89CC8797-E573-451B-97A4-F3341EA01173} = {A28BB1F4-AFD9-43A7-B90D-0E936F3DBCA7}
		{EF89074D-47C1-41A2-8E63-0D63673AF3F3} = {4BD58B38-ABF0-4749-855B-2315459A10B8}
		{8C403544-99D7-4934-8DB7-C25A6236F9DA} = {CC959A96-1F90-4472-B9C2-3D38E6978EB2}
		{DDA7A80C-D876-4891-8F63-A3A942D31AC9} = {751A3671-7FFF-4BB0-842A-E9B6257FA8EC}
		{228E438D-7603-40DC-BB83-445D18F3DFBE} = {DDA7A80C-D876-4891-8F63-A3A942D31AC9}
		{9F37077A-DB79-409A-8987-DBEF738B6159} = {C1203CD5-0418-482B-A316-12C5BCEF5343}
	EndGlobalSection
	GlobalSection(ExtensibilityGlobals) = postSolution
		SolutionGuid = {4CAAC77E-E5A2-45C9-9240-F513B3D6104E}
	EndGlobalSection
EndGlobal
